
Microsoft Visual Studio Solution File, Format Version 12.00
# Visual Studio Version 17
VisualStudioVersion = 17.4.33205.214
MinimumVisualStudioVersion = 10.0.40219.1
Project("{FAE04EC0-301F-11D3-BF4B-00C04F79EFBC}") = "Ecomm_project_01", "Ecomm_project_01\Ecomm_project_01.csproj", "{4FE11D0B-BCA1-4CEC-AB7A-9C422274A84D}"
EndProject
Project("{FAE04EC0-301F-11D3-BF4B-00C04F79EFBC}") = "Ecomm_project_01.Models", "Ecomm_project_01.Models\Ecomm_project_01.Models.csproj", "{A4A017F8-B515-4835-B942-A1A5E5DD5955}"
EndProject
Project("{FAE04EC0-301F-11D3-BF4B-00C04F79EFBC}") = "Ecomm_project_01.DataAccess", "Ecomm_project_01.DataAccess\Ecomm_project_01.DataAccess.csproj", "{7053F506-DAB0-4DCC-AD72-DE5BAEC78912}"
EndProject
Project("{FAE04EC0-301F-11D3-BF4B-00C04F79EFBC}") = "Ecomm_project_01.Utility", "Ecomm_project_01.Utility\Ecomm_project_01.Utility.csproj", "{CF74C6FA-9AAD-441E-99E7-EDF7FCE6381C}"
EndProject
Global
	GlobalSection(SolutionConfigurationPlatforms) = preSolution
		Debug|Any CPU = Debug|Any CPU
		Release|Any CPU = Release|Any CPU
	EndGlobalSection
	GlobalSection(ProjectConfigurationPlatforms) = postSolution
		{4FE11D0B-BCA1-4CEC-AB7A-9C422274A84D}.Debug|Any CPU.ActiveCfg = Debug|Any CPU
		{4FE11D0B-BCA1-4CEC-AB7A-9C422274A84D}.Debug|Any CPU.Build.0 = Debug|Any CPU
		{4FE11D0B-BCA1-4CEC-AB7A-9C422274A84D}.Release|Any CPU.ActiveCfg = Release|Any CPU
		{4FE11D0B-BCA1-4CEC-AB7A-9C422274A84D}.Release|Any CPU.Build.0 = Release|Any CPU
		{A4A017F8-B515-4835-B942-A1A5E5DD5955}.Debug|Any CPU.ActiveCfg = Debug|Any CPU
		{A4A017F8-B515-4835-B942-A1A5E5DD5955}.Debug|Any CPU.Build.0 = Debug|Any CPU
		{A4A017F8-B515-4835-B942-A1A5E5DD5955}.Release|Any CPU.ActiveCfg = Release|Any CPU
		{A4A017F8-B515-4835-B942-A1A5E5DD5955}.Release|Any CPU.Build.0 = Release|Any CPU
		{7053F506-DAB0-4DCC-AD72-DE5BAEC78912}.Debug|Any CPU.ActiveCfg = Debug|Any CPU
		{7053F506-DAB0-4DCC-AD72-DE5BAEC78912}.Debug|Any CPU.Build.0 = Debug|Any CPU
		{7053F506-DAB0-4DCC-AD72-DE5BAEC78912}.Release|Any CPU.ActiveCfg = Release|Any CPU
		{7053F506-DAB0-4DCC-AD72-DE5BAEC78912}.Release|Any CPU.Build.0 = Release|Any CPU
		{CF74C6FA-9AAD-441E-99E7-EDF7FCE6381C}.Debug|Any CPU.ActiveCfg = Debug|Any CPU
		{CF74C6FA-9AAD-441E-99E7-EDF7FCE6381C}.Debug|Any CPU.Build.0 = Debug|Any CPU
		{CF74C6FA-9AAD-441E-99E7-EDF7FCE6381C}.Release|Any CPU.ActiveCfg = Release|Any CPU
		{CF74C6FA-9AAD-441E-99E7-EDF7FCE6381C}.Release|Any CPU.Build.0 = Release|Any CPU
	EndGlobalSection
	GlobalSection(SolutionProperties) = preSolution
		HideSolutionNode = FALSE
	EndGlobalSection
	GlobalSection(ExtensibilityGlobals) = postSolution
		SolutionGuid = {4DA5882D-BD5E-4C88-9233-94565A2C55DC}
	EndGlobalSection
EndGlobal
